
Microsoft Visual Studio Solution File, Format Version 12.00
# Visual Studio Version 16
VisualStudioVersion = 16.0.31729.503
MinimumVisualStudioVersion = 10.0.40219.1
Project("{FAE04EC0-301F-11D3-BF4B-00C04F79EFBC}") = "Task 1", "Task 1\Task 1.csproj", "{FBF0F6D5-D1D7-4AA9-A5DD-0252491B18EE}"
EndProject
Project("{FAE04EC0-301F-11D3-BF4B-00C04F79EFBC}") = "Task 2", "Task 2\Task 2.csproj", "{E3D56020-F7D1-489F-BD05-C4B062804692}"
EndProject
Global
	GlobalSection(SolutionConfigurationPlatforms) = preSolution
		Debug|Any CPU = Debug|Any CPU
		Release|Any CPU = Release|Any CPU
	EndGlobalSection
	GlobalSection(ProjectConfigurationPlatforms) = postSolution
		{FBF0F6D5-D1D7-4AA9-A5DD-0252491B18EE}.Debug|Any CPU.ActiveCfg = Debug|Any CPU
		{FBF0F6D5-D1D7-4AA9-A5DD-0252491B18EE}.Debug|Any CPU.Build.0 = Debug|Any CPU
		{FBF0F6D5-D1D7-4AA9-A5DD-0252491B18EE}.Release|Any CPU.ActiveCfg = Release|Any CPU
		{FBF0F6D5-D1D7-4AA9-A5DD-0252491B18EE}.Release|Any CPU.Build.0 = Release|Any CPU
		{E3D56020-F7D1-489F-BD05-C4B062804692}.Debug|Any CPU.ActiveCfg = Debug|Any CPU
		{E3D56020-F7D1-489F-BD05-C4B062804692}.Debug|Any CPU.Build.0 = Debug|Any CPU
		{E3D56020-F7D1-489F-BD05-C4B062804692}.Release|Any CPU.ActiveCfg = Release|Any CPU
		{E3D56020-F7D1-489F-BD05-C4B062804692}.Release|Any CPU.Build.0 = Release|Any CPU
	EndGlobalSection
	GlobalSection(SolutionProperties) = preSolution
		HideSolutionNode = FALSE
	EndGlobalSection
	GlobalSection(ExtensibilityGlobals) = postSolution
		SolutionGuid = {30559C6A-DBD4-4122-A96F-ED330FF075EE}
	EndGlobalSection
EndGlobal
